
Microsoft Visual Studio Solution File, Format Version 12.00
# Visual Studio Version 16
VisualStudioVersion = 16.0.30011.22
MinimumVisualStudioVersion = 10.0.40219.1
Project("{2150E333-8FDC-42A3-9474-1A3956D46DE8}") = "Shared", "Shared", "{D50A8CE9-841B-4632-93BA-300F99C3FE95}"
EndProject
Project("{2150E333-8FDC-42A3-9474-1A3956D46DE8}") = "Libraries", "Libraries", "{9879D70B-9CD7-4B71-A2BF-BE775048D8D2}"
EndProject
Project("{2150E333-8FDC-42A3-9474-1A3956D46DE8}") = "UserControls", "UserControls", "{43CBD0D6-EDB8-485C-971F-7E6D713C3D89}"
EndProject
Project("{2150E333-8FDC-42A3-9474-1A3956D46DE8}") = "Models", "Models", "{C872C66D-EDED-4329-87A6-D400B711104A}"
EndProject
Project("{FAE04EC0-301F-11D3-BF4B-00C04F79EFBC}") = "Restaurant", "Restaurant\Restaurant.csproj", "{4C34157F-D84D-4293-8638-8412CAD5F559}"
EndProject
Global
	GlobalSection(SolutionConfigurationPlatforms) = preSolution
		Debug|Any CPU = Debug|Any CPU
		Release|Any CPU = Release|Any CPU
	EndGlobalSection
	GlobalSection(ProjectConfigurationPlatforms) = postSolution
		{4C34157F-D84D-4293-8638-8412CAD5F559}.Debug|Any CPU.ActiveCfg = Debug|Any CPU
		{4C34157F-D84D-4293-8638-8412CAD5F559}.Debug|Any CPU.Build.0 = Debug|Any CPU
		{4C34157F-D84D-4293-8638-8412CAD5F559}.Release|Any CPU.ActiveCfg = Release|Any CPU
		{4C34157F-D84D-4293-8638-8412CAD5F559}.Release|Any CPU.Build.0 = Release|Any CPU
	EndGlobalSection
	GlobalSection(SolutionProperties) = preSolution
		HideSolutionNode = FALSE
	EndGlobalSection
	GlobalSection(NestedProjects) = preSolution
		{9879D70B-9CD7-4B71-A2BF-BE775048D8D2} = {D50A8CE9-841B-4632-93BA-300F99C3FE95}
		{43CBD0D6-EDB8-485C-971F-7E6D713C3D89} = {D50A8CE9-841B-4632-93BA-300F99C3FE95}
		{C872C66D-EDED-4329-87A6-D400B711104A} = {D50A8CE9-841B-4632-93BA-300F99C3FE95}
	EndGlobalSection
	GlobalSection(ExtensibilityGlobals) = postSolution
		SolutionGuid = {15CC7E65-C694-42CE-9171-FBEC47622403}
	EndGlobalSection
EndGlobal
