
Microsoft Visual Studio Solution File, Format Version 12.00
# Visual Studio Version 16
VisualStudioVersion = 16.0.30011.22
MinimumVisualStudioVersion = 10.0.40219.1
Project("{2150E333-8FDC-42A3-9474-1A3956D46DE8}") = "Shared", "Shared", "{D50A8CE9-841B-4632-93BA-300F99C3FE95}"
EndProject
Project("{2150E333-8FDC-42A3-9474-1A3956D46DE8}") = "Libraries", "Libraries", "{9879D70B-9CD7-4B71-A2BF-BE775048D8D2}"
EndProject
Project("{9A19103F-16F7-4668-BE54-9A1E7A4F7556}") = "RestaurantLibrary", "RestaurantModels\RestaurantLibrary.csproj", "{28DFD8F2-8502-4A22-89D9-0F982FA9D4FE}"
EndProject
Project("{9A19103F-16F7-4668-BE54-9A1E7A4F7556}") = "RestaurantUI", "Restaurant\RestaurantUI.csproj", "{4C34157F-D84D-4293-8638-8412CAD5F559}"
EndProject
Global
	GlobalSection(SolutionConfigurationPlatforms) = preSolution
		Debug|Any CPU = Debug|Any CPU
		Release|Any CPU = Release|Any CPU
	EndGlobalSection
	GlobalSection(ProjectConfigurationPlatforms) = postSolution
		{28DFD8F2-8502-4A22-89D9-0F982FA9D4FE}.Debug|Any CPU.ActiveCfg = Debug|Any CPU
		{28DFD8F2-8502-4A22-89D9-0F982FA9D4FE}.Debug|Any CPU.Build.0 = Debug|Any CPU
		{28DFD8F2-8502-4A22-89D9-0F982FA9D4FE}.Release|Any CPU.ActiveCfg = Release|Any CPU
		{28DFD8F2-8502-4A22-89D9-0F982FA9D4FE}.Release|Any CPU.Build.0 = Release|Any CPU
		{4C34157F-D84D-4293-8638-8412CAD5F559}.Debug|Any CPU.ActiveCfg = Debug|Any CPU
		{4C34157F-D84D-4293-8638-8412CAD5F559}.Debug|Any CPU.Build.0 = Debug|Any CPU
		{4C34157F-D84D-4293-8638-8412CAD5F559}.Release|Any CPU.ActiveCfg = Release|Any CPU
		{4C34157F-D84D-4293-8638-8412CAD5F559}.Release|Any CPU.Build.0 = Release|Any CPU
	EndGlobalSection
	GlobalSection(SolutionProperties) = preSolution
		HideSolutionNode = FALSE
	EndGlobalSection
	GlobalSection(NestedProjects) = preSolution
		{9879D70B-9CD7-4B71-A2BF-BE775048D8D2} = {D50A8CE9-841B-4632-93BA-300F99C3FE95}
		{28DFD8F2-8502-4A22-89D9-0F982FA9D4FE} = {9879D70B-9CD7-4B71-A2BF-BE775048D8D2}
	EndGlobalSection
	GlobalSection(ExtensibilityGlobals) = postSolution
		SolutionGuid = {15CC7E65-C694-42CE-9171-FBEC47622403}
	EndGlobalSection
EndGlobal
