
Microsoft Visual Studio Solution File, Format Version 12.00
# Visual Studio Version 16
VisualStudioVersion = 16.0.30011.22
MinimumVisualStudioVersion = 10.0.40219.1
Project("{9A19103F-16F7-4668-BE54-9A1E7A4F7556}") = "Restaurant-Workers", "Restaurant-Workers\Restaurant-Workers.csproj", "{BB39DB39-D0DC-48B9-AA09-E0F42F24AF7D}"
EndProject
Project("{9A19103F-16F7-4668-BE54-9A1E7A4F7556}") = "Restaurant-Admin", "Restaurant-Admin\Restaurant-Admin.csproj", "{676770BB-4D15-452C-8C6C-79564A34EDEE}"
EndProject
Project("{9A19103F-16F7-4668-BE54-9A1E7A4F7556}") = "Restaurant-Client", "Restaurant-Client\Restaurant-Client.csproj", "{9F9A5B92-2C11-412A-A09A-80BD9FD0E819}"
EndProject
Project("{2150E333-8FDC-42A3-9474-1A3956D46DE8}") = "Mobile", "Mobile", "{EED820A6-16F4-46B6-AA3D-72B623469013}"
EndProject
Project("{FAE04EC0-301F-11D3-BF4B-00C04F79EFBC}") = "Mobile-Client.UWP", "Mobile-Client\Mobile-Client.UWP\Mobile-Client.UWP.csproj", "{DA7450D9-8B81-481A-9FC6-9FD681A7601C}"
EndProject
Project("{FAE04EC0-301F-11D3-BF4B-00C04F79EFBC}") = "Mobile-Client.Android", "Mobile-Client\Mobile-Client.Android\Mobile-Client.Android.csproj", "{CC5A37F3-6D61-4E20-9CDF-F78D2A7789EC}"
EndProject
Project("{FAE04EC0-301F-11D3-BF4B-00C04F79EFBC}") = "Mobile-Client.iOS", "Mobile-Client\Mobile-Client.iOS\Mobile-Client.iOS.csproj", "{AD8DA287-555B-4C29-B2D9-F5F8A5D5B4F9}"
EndProject
Project("{9A19103F-16F7-4668-BE54-9A1E7A4F7556}") = "Mobile-Client", "Mobile-Client\Mobile-Client\Mobile-Client.csproj", "{4C9A57B2-3F07-48B5-B270-63DF7B31CAB6}"
EndProject
Project("{FAE04EC0-301F-11D3-BF4B-00C04F79EFBC}") = "Mobile-Admin.UWP", "Mobile-Admin\Mobile-Admin.UWP\Mobile-Admin.UWP.csproj", "{480EE6EA-4A45-498C-88D6-BB76B482D2D1}"
EndProject
Project("{FAE04EC0-301F-11D3-BF4B-00C04F79EFBC}") = "Mobile-Admin.Android", "Mobile-Admin\Mobile-Admin.Android\Mobile-Admin.Android.csproj", "{80EC426B-1784-4F5E-810B-ED93915FA865}"
EndProject
Project("{FAE04EC0-301F-11D3-BF4B-00C04F79EFBC}") = "Mobile-Admin.iOS", "Mobile-Admin\Mobile-Admin.iOS\Mobile-Admin.iOS.csproj", "{8573DAF3-1C41-469A-837B-57D8AF1D04F9}"
EndProject
Project("{9A19103F-16F7-4668-BE54-9A1E7A4F7556}") = "Mobile-Admin", "Mobile-Admin\Mobile-Admin\Mobile-Admin.csproj", "{B977E0C1-B137-42DE-863C-708F256D1A8A}"
EndProject
Project("{FAE04EC0-301F-11D3-BF4B-00C04F79EFBC}") = "Mobile-Workers.UWP", "Mobile-Workers\Mobile-Workers.UWP\Mobile-Workers.UWP.csproj", "{56399CB2-6302-4A5E-AA1D-5BF83CA87492}"
EndProject
Project("{FAE04EC0-301F-11D3-BF4B-00C04F79EFBC}") = "Mobile-Workers.Android", "Mobile-Workers\Mobile-Workers.Android\Mobile-Workers.Android.csproj", "{7BC79EB5-D22D-47F0-8891-DE69764BFDD7}"
EndProject
Project("{FAE04EC0-301F-11D3-BF4B-00C04F79EFBC}") = "Mobile-Workers.iOS", "Mobile-Workers\Mobile-Workers.iOS\Mobile-Workers.iOS.csproj", "{4FA9D24C-9FF3-4CFE-82A1-C4A5BA7ED302}"
EndProject
Project("{9A19103F-16F7-4668-BE54-9A1E7A4F7556}") = "Mobile-Workers", "Mobile-Workers\Mobile-Workers\Mobile-Workers.csproj", "{AC36B4A1-2515-4B41-9FE0-BCFFB5EC5FB2}"
EndProject
Project("{2150E333-8FDC-42A3-9474-1A3956D46DE8}") = "Cross-Platform", "Cross-Platform", "{64AB1376-1046-4AB8-9468-BEC8A8E3659D}"
EndProject
Project("{9A19103F-16F7-4668-BE54-9A1E7A4F7556}") = "Restaurant-Admin-CP", "Restaurant-Admin-CP\Restaurant-Admin-CP.csproj", "{46BD2E91-544A-4218-BC61-E9ED1A593A0A}"
EndProject
Project("{9A19103F-16F7-4668-BE54-9A1E7A4F7556}") = "Restaurant-Workers-CP", "Restaurant-Workers-CP\Restaurant-Workers-CP.csproj", "{23BFEB73-E3BC-4364-A832-9FA8B54968A4}"
EndProject
Project("{9A19103F-16F7-4668-BE54-9A1E7A4F7556}") = "Restaurant-Client-CP", "Restaurant-Client-CP\Restaurant-Client-CP.csproj", "{1B4612B2-233B-4CD7-B4A5-80A4F020E48E}"
EndProject
Project("{2150E333-8FDC-42A3-9474-1A3956D46DE8}") = "Shared", "Shared", "{D50A8CE9-841B-4632-93BA-300F99C3FE95}"
EndProject
Project("{2150E333-8FDC-42A3-9474-1A3956D46DE8}") = "Libraries", "Libraries", "{9879D70B-9CD7-4B71-A2BF-BE775048D8D2}"
EndProject
Project("{2150E333-8FDC-42A3-9474-1A3956D46DE8}") = "UserControls", "UserControls", "{43CBD0D6-EDB8-485C-971F-7E6D713C3D89}"
EndProject
Project("{2150E333-8FDC-42A3-9474-1A3956D46DE8}") = "Models", "Models", "{C872C66D-EDED-4329-87A6-D400B711104A}"
EndProject
Global
	GlobalSection(SolutionConfigurationPlatforms) = preSolution
		Debug|Any CPU = Debug|Any CPU
		Debug|ARM = Debug|ARM
		Debug|iPhone = Debug|iPhone
		Debug|iPhoneSimulator = Debug|iPhoneSimulator
		Debug|x64 = Debug|x64
		Debug|x86 = Debug|x86
		Release|Any CPU = Release|Any CPU
		Release|ARM = Release|ARM
		Release|iPhone = Release|iPhone
		Release|iPhoneSimulator = Release|iPhoneSimulator
		Release|x64 = Release|x64
		Release|x86 = Release|x86
	EndGlobalSection
	GlobalSection(ProjectConfigurationPlatforms) = postSolution
		{BB39DB39-D0DC-48B9-AA09-E0F42F24AF7D}.Debug|Any CPU.ActiveCfg = Debug|Any CPU
		{BB39DB39-D0DC-48B9-AA09-E0F42F24AF7D}.Debug|Any CPU.Build.0 = Debug|Any CPU
		{BB39DB39-D0DC-48B9-AA09-E0F42F24AF7D}.Debug|ARM.ActiveCfg = Debug|Any CPU
		{BB39DB39-D0DC-48B9-AA09-E0F42F24AF7D}.Debug|ARM.Build.0 = Debug|Any CPU
		{BB39DB39-D0DC-48B9-AA09-E0F42F24AF7D}.Debug|iPhone.ActiveCfg = Debug|Any CPU
		{BB39DB39-D0DC-48B9-AA09-E0F42F24AF7D}.Debug|iPhone.Build.0 = Debug|Any CPU
		{BB39DB39-D0DC-48B9-AA09-E0F42F24AF7D}.Debug|iPhoneSimulator.ActiveCfg = Debug|Any CPU
		{BB39DB39-D0DC-48B9-AA09-E0F42F24AF7D}.Debug|iPhoneSimulator.Build.0 = Debug|Any CPU
		{BB39DB39-D0DC-48B9-AA09-E0F42F24AF7D}.Debug|x64.ActiveCfg = Debug|Any CPU
		{BB39DB39-D0DC-48B9-AA09-E0F42F24AF7D}.Debug|x64.Build.0 = Debug|Any CPU
		{BB39DB39-D0DC-48B9-AA09-E0F42F24AF7D}.Debug|x86.ActiveCfg = Debug|Any CPU
		{BB39DB39-D0DC-48B9-AA09-E0F42F24AF7D}.Debug|x86.Build.0 = Debug|Any CPU
		{BB39DB39-D0DC-48B9-AA09-E0F42F24AF7D}.Release|Any CPU.ActiveCfg = Release|Any CPU
		{BB39DB39-D0DC-48B9-AA09-E0F42F24AF7D}.Release|Any CPU.Build.0 = Release|Any CPU
		{BB39DB39-D0DC-48B9-AA09-E0F42F24AF7D}.Release|ARM.ActiveCfg = Release|Any CPU
		{BB39DB39-D0DC-48B9-AA09-E0F42F24AF7D}.Release|ARM.Build.0 = Release|Any CPU
		{BB39DB39-D0DC-48B9-AA09-E0F42F24AF7D}.Release|iPhone.ActiveCfg = Release|Any CPU
		{BB39DB39-D0DC-48B9-AA09-E0F42F24AF7D}.Release|iPhone.Build.0 = Release|Any CPU
		{BB39DB39-D0DC-48B9-AA09-E0F42F24AF7D}.Release|iPhoneSimulator.ActiveCfg = Release|Any CPU
		{BB39DB39-D0DC-48B9-AA09-E0F42F24AF7D}.Release|iPhoneSimulator.Build.0 = Release|Any CPU
		{BB39DB39-D0DC-48B9-AA09-E0F42F24AF7D}.Release|x64.ActiveCfg = Release|Any CPU
		{BB39DB39-D0DC-48B9-AA09-E0F42F24AF7D}.Release|x64.Build.0 = Release|Any CPU
		{BB39DB39-D0DC-48B9-AA09-E0F42F24AF7D}.Release|x86.ActiveCfg = Release|Any CPU
		{BB39DB39-D0DC-48B9-AA09-E0F42F24AF7D}.Release|x86.Build.0 = Release|Any CPU
		{676770BB-4D15-452C-8C6C-79564A34EDEE}.Debug|Any CPU.ActiveCfg = Debug|Any CPU
		{676770BB-4D15-452C-8C6C-79564A34EDEE}.Debug|Any CPU.Build.0 = Debug|Any CPU
		{676770BB-4D15-452C-8C6C-79564A34EDEE}.Debug|ARM.ActiveCfg = Debug|Any CPU
		{676770BB-4D15-452C-8C6C-79564A34EDEE}.Debug|ARM.Build.0 = Debug|Any CPU
		{676770BB-4D15-452C-8C6C-79564A34EDEE}.Debug|iPhone.ActiveCfg = Debug|Any CPU
		{676770BB-4D15-452C-8C6C-79564A34EDEE}.Debug|iPhone.Build.0 = Debug|Any CPU
		{676770BB-4D15-452C-8C6C-79564A34EDEE}.Debug|iPhoneSimulator.ActiveCfg = Debug|Any CPU
		{676770BB-4D15-452C-8C6C-79564A34EDEE}.Debug|iPhoneSimulator.Build.0 = Debug|Any CPU
		{676770BB-4D15-452C-8C6C-79564A34EDEE}.Debug|x64.ActiveCfg = Debug|Any CPU
		{676770BB-4D15-452C-8C6C-79564A34EDEE}.Debug|x64.Build.0 = Debug|Any CPU
		{676770BB-4D15-452C-8C6C-79564A34EDEE}.Debug|x86.ActiveCfg = Debug|Any CPU
		{676770BB-4D15-452C-8C6C-79564A34EDEE}.Debug|x86.Build.0 = Debug|Any CPU
		{676770BB-4D15-452C-8C6C-79564A34EDEE}.Release|Any CPU.ActiveCfg = Release|Any CPU
		{676770BB-4D15-452C-8C6C-79564A34EDEE}.Release|Any CPU.Build.0 = Release|Any CPU
		{676770BB-4D15-452C-8C6C-79564A34EDEE}.Release|ARM.ActiveCfg = Release|Any CPU
		{676770BB-4D15-452C-8C6C-79564A34EDEE}.Release|ARM.Build.0 = Release|Any CPU
		{676770BB-4D15-452C-8C6C-79564A34EDEE}.Release|iPhone.ActiveCfg = Release|Any CPU
		{676770BB-4D15-452C-8C6C-79564A34EDEE}.Release|iPhone.Build.0 = Release|Any CPU
		{676770BB-4D15-452C-8C6C-79564A34EDEE}.Release|iPhoneSimulator.ActiveCfg = Release|Any CPU
		{676770BB-4D15-452C-8C6C-79564A34EDEE}.Release|iPhoneSimulator.Build.0 = Release|Any CPU
		{676770BB-4D15-452C-8C6C-79564A34EDEE}.Release|x64.ActiveCfg = Release|Any CPU
		{676770BB-4D15-452C-8C6C-79564A34EDEE}.Release|x64.Build.0 = Release|Any CPU
		{676770BB-4D15-452C-8C6C-79564A34EDEE}.Release|x86.ActiveCfg = Release|Any CPU
		{676770BB-4D15-452C-8C6C-79564A34EDEE}.Release|x86.Build.0 = Release|Any CPU
		{9F9A5B92-2C11-412A-A09A-80BD9FD0E819}.Debug|Any CPU.ActiveCfg = Debug|Any CPU
		{9F9A5B92-2C11-412A-A09A-80BD9FD0E819}.Debug|Any CPU.Build.0 = Debug|Any CPU
		{9F9A5B92-2C11-412A-A09A-80BD9FD0E819}.Debug|ARM.ActiveCfg = Debug|Any CPU
		{9F9A5B92-2C11-412A-A09A-80BD9FD0E819}.Debug|ARM.Build.0 = Debug|Any CPU
		{9F9A5B92-2C11-412A-A09A-80BD9FD0E819}.Debug|iPhone.ActiveCfg = Debug|Any CPU
		{9F9A5B92-2C11-412A-A09A-80BD9FD0E819}.Debug|iPhone.Build.0 = Debug|Any CPU
		{9F9A5B92-2C11-412A-A09A-80BD9FD0E819}.Debug|iPhoneSimulator.ActiveCfg = Debug|Any CPU
		{9F9A5B92-2C11-412A-A09A-80BD9FD0E819}.Debug|iPhoneSimulator.Build.0 = Debug|Any CPU
		{9F9A5B92-2C11-412A-A09A-80BD9FD0E819}.Debug|x64.ActiveCfg = Debug|Any CPU
		{9F9A5B92-2C11-412A-A09A-80BD9FD0E819}.Debug|x64.Build.0 = Debug|Any CPU
		{9F9A5B92-2C11-412A-A09A-80BD9FD0E819}.Debug|x86.ActiveCfg = Debug|Any CPU
		{9F9A5B92-2C11-412A-A09A-80BD9FD0E819}.Debug|x86.Build.0 = Debug|Any CPU
		{9F9A5B92-2C11-412A-A09A-80BD9FD0E819}.Release|Any CPU.ActiveCfg = Release|Any CPU
		{9F9A5B92-2C11-412A-A09A-80BD9FD0E819}.Release|Any CPU.Build.0 = Release|Any CPU
		{9F9A5B92-2C11-412A-A09A-80BD9FD0E819}.Release|ARM.ActiveCfg = Release|Any CPU
		{9F9A5B92-2C11-412A-A09A-80BD9FD0E819}.Release|ARM.Build.0 = Release|Any CPU
		{9F9A5B92-2C11-412A-A09A-80BD9FD0E819}.Release|iPhone.ActiveCfg = Release|Any CPU
		{9F9A5B92-2C11-412A-A09A-80BD9FD0E819}.Release|iPhone.Build.0 = Release|Any CPU
		{9F9A5B92-2C11-412A-A09A-80BD9FD0E819}.Release|iPhoneSimulator.ActiveCfg = Release|Any CPU
		{9F9A5B92-2C11-412A-A09A-80BD9FD0E819}.Release|iPhoneSimulator.Build.0 = Release|Any CPU
		{9F9A5B92-2C11-412A-A09A-80BD9FD0E819}.Release|x64.ActiveCfg = Release|Any CPU
		{9F9A5B92-2C11-412A-A09A-80BD9FD0E819}.Release|x64.Build.0 = Release|Any CPU
		{9F9A5B92-2C11-412A-A09A-80BD9FD0E819}.Release|x86.ActiveCfg = Release|Any CPU
		{9F9A5B92-2C11-412A-A09A-80BD9FD0E819}.Release|x86.Build.0 = Release|Any CPU
		{DA7450D9-8B81-481A-9FC6-9FD681A7601C}.Debug|Any CPU.ActiveCfg = Debug|x86
		{DA7450D9-8B81-481A-9FC6-9FD681A7601C}.Debug|ARM.ActiveCfg = Debug|ARM
		{DA7450D9-8B81-481A-9FC6-9FD681A7601C}.Debug|ARM.Build.0 = Debug|ARM
		{DA7450D9-8B81-481A-9FC6-9FD681A7601C}.Debug|ARM.Deploy.0 = Debug|ARM
		{DA7450D9-8B81-481A-9FC6-9FD681A7601C}.Debug|iPhone.ActiveCfg = Debug|x86
		{DA7450D9-8B81-481A-9FC6-9FD681A7601C}.Debug|iPhoneSimulator.ActiveCfg = Debug|x86
		{DA7450D9-8B81-481A-9FC6-9FD681A7601C}.Debug|x64.ActiveCfg = Debug|x64
		{DA7450D9-8B81-481A-9FC6-9FD681A7601C}.Debug|x64.Build.0 = Debug|x64
		{DA7450D9-8B81-481A-9FC6-9FD681A7601C}.Debug|x64.Deploy.0 = Debug|x64
		{DA7450D9-8B81-481A-9FC6-9FD681A7601C}.Debug|x86.ActiveCfg = Debug|x86
		{DA7450D9-8B81-481A-9FC6-9FD681A7601C}.Debug|x86.Build.0 = Debug|x86
		{DA7450D9-8B81-481A-9FC6-9FD681A7601C}.Debug|x86.Deploy.0 = Debug|x86
		{DA7450D9-8B81-481A-9FC6-9FD681A7601C}.Release|Any CPU.ActiveCfg = Release|x86
		{DA7450D9-8B81-481A-9FC6-9FD681A7601C}.Release|ARM.ActiveCfg = Release|ARM
		{DA7450D9-8B81-481A-9FC6-9FD681A7601C}.Release|ARM.Build.0 = Release|ARM
		{DA7450D9-8B81-481A-9FC6-9FD681A7601C}.Release|ARM.Deploy.0 = Release|ARM
		{DA7450D9-8B81-481A-9FC6-9FD681A7601C}.Release|iPhone.ActiveCfg = Release|x86
		{DA7450D9-8B81-481A-9FC6-9FD681A7601C}.Release|iPhoneSimulator.ActiveCfg = Release|x86
		{DA7450D9-8B81-481A-9FC6-9FD681A7601C}.Release|x64.ActiveCfg = Release|x64
		{DA7450D9-8B81-481A-9FC6-9FD681A7601C}.Release|x64.Build.0 = Release|x64
		{DA7450D9-8B81-481A-9FC6-9FD681A7601C}.Release|x64.Deploy.0 = Release|x64
		{DA7450D9-8B81-481A-9FC6-9FD681A7601C}.Release|x86.ActiveCfg = Release|x86
		{DA7450D9-8B81-481A-9FC6-9FD681A7601C}.Release|x86.Build.0 = Release|x86
		{DA7450D9-8B81-481A-9FC6-9FD681A7601C}.Release|x86.Deploy.0 = Release|x86
		{CC5A37F3-6D61-4E20-9CDF-F78D2A7789EC}.Debug|Any CPU.ActiveCfg = Debug|Any CPU
		{CC5A37F3-6D61-4E20-9CDF-F78D2A7789EC}.Debug|Any CPU.Build.0 = Debug|Any CPU
		{CC5A37F3-6D61-4E20-9CDF-F78D2A7789EC}.Debug|Any CPU.Deploy.0 = Debug|Any CPU
		{CC5A37F3-6D61-4E20-9CDF-F78D2A7789EC}.Debug|ARM.ActiveCfg = Debug|Any CPU
		{CC5A37F3-6D61-4E20-9CDF-F78D2A7789EC}.Debug|ARM.Build.0 = Debug|Any CPU
		{CC5A37F3-6D61-4E20-9CDF-F78D2A7789EC}.Debug|ARM.Deploy.0 = Debug|Any CPU
		{CC5A37F3-6D61-4E20-9CDF-F78D2A7789EC}.Debug|iPhone.ActiveCfg = Debug|Any CPU
		{CC5A37F3-6D61-4E20-9CDF-F78D2A7789EC}.Debug|iPhone.Build.0 = Debug|Any CPU
		{CC5A37F3-6D61-4E20-9CDF-F78D2A7789EC}.Debug|iPhone.Deploy.0 = Debug|Any CPU
		{CC5A37F3-6D61-4E20-9CDF-F78D2A7789EC}.Debug|iPhoneSimulator.ActiveCfg = Debug|Any CPU
		{CC5A37F3-6D61-4E20-9CDF-F78D2A7789EC}.Debug|iPhoneSimulator.Build.0 = Debug|Any CPU
		{CC5A37F3-6D61-4E20-9CDF-F78D2A7789EC}.Debug|iPhoneSimulator.Deploy.0 = Debug|Any CPU
		{CC5A37F3-6D61-4E20-9CDF-F78D2A7789EC}.Debug|x64.ActiveCfg = Debug|Any CPU
		{CC5A37F3-6D61-4E20-9CDF-F78D2A7789EC}.Debug|x64.Build.0 = Debug|Any CPU
		{CC5A37F3-6D61-4E20-9CDF-F78D2A7789EC}.Debug|x64.Deploy.0 = Debug|Any CPU
		{CC5A37F3-6D61-4E20-9CDF-F78D2A7789EC}.Debug|x86.ActiveCfg = Debug|Any CPU
		{CC5A37F3-6D61-4E20-9CDF-F78D2A7789EC}.Debug|x86.Build.0 = Debug|Any CPU
		{CC5A37F3-6D61-4E20-9CDF-F78D2A7789EC}.Debug|x86.Deploy.0 = Debug|Any CPU
		{CC5A37F3-6D61-4E20-9CDF-F78D2A7789EC}.Release|Any CPU.ActiveCfg = Release|Any CPU
		{CC5A37F3-6D61-4E20-9CDF-F78D2A7789EC}.Release|Any CPU.Build.0 = Release|Any CPU
		{CC5A37F3-6D61-4E20-9CDF-F78D2A7789EC}.Release|Any CPU.Deploy.0 = Release|Any CPU
		{CC5A37F3-6D61-4E20-9CDF-F78D2A7789EC}.Release|ARM.ActiveCfg = Release|Any CPU
		{CC5A37F3-6D61-4E20-9CDF-F78D2A7789EC}.Release|ARM.Build.0 = Release|Any CPU
		{CC5A37F3-6D61-4E20-9CDF-F78D2A7789EC}.Release|ARM.Deploy.0 = Release|Any CPU
		{CC5A37F3-6D61-4E20-9CDF-F78D2A7789EC}.Release|iPhone.ActiveCfg = Release|Any CPU
		{CC5A37F3-6D61-4E20-9CDF-F78D2A7789EC}.Release|iPhone.Build.0 = Release|Any CPU
		{CC5A37F3-6D61-4E20-9CDF-F78D2A7789EC}.Release|iPhone.Deploy.0 = Release|Any CPU
		{CC5A37F3-6D61-4E20-9CDF-F78D2A7789EC}.Release|iPhoneSimulator.ActiveCfg = Release|Any CPU
		{CC5A37F3-6D61-4E20-9CDF-F78D2A7789EC}.Release|iPhoneSimulator.Build.0 = Release|Any CPU
		{CC5A37F3-6D61-4E20-9CDF-F78D2A7789EC}.Release|iPhoneSimulator.Deploy.0 = Release|Any CPU
		{CC5A37F3-6D61-4E20-9CDF-F78D2A7789EC}.Release|x64.ActiveCfg = Release|Any CPU
		{CC5A37F3-6D61-4E20-9CDF-F78D2A7789EC}.Release|x64.Build.0 = Release|Any CPU
		{CC5A37F3-6D61-4E20-9CDF-F78D2A7789EC}.Release|x64.Deploy.0 = Release|Any CPU
		{CC5A37F3-6D61-4E20-9CDF-F78D2A7789EC}.Release|x86.ActiveCfg = Release|Any CPU
		{CC5A37F3-6D61-4E20-9CDF-F78D2A7789EC}.Release|x86.Build.0 = Release|Any CPU
		{CC5A37F3-6D61-4E20-9CDF-F78D2A7789EC}.Release|x86.Deploy.0 = Release|Any CPU
		{AD8DA287-555B-4C29-B2D9-F5F8A5D5B4F9}.Debug|Any CPU.ActiveCfg = Debug|iPhone
		{AD8DA287-555B-4C29-B2D9-F5F8A5D5B4F9}.Debug|ARM.ActiveCfg = Debug|iPhone
		{AD8DA287-555B-4C29-B2D9-F5F8A5D5B4F9}.Debug|iPhone.ActiveCfg = Debug|iPhone
		{AD8DA287-555B-4C29-B2D9-F5F8A5D5B4F9}.Debug|iPhone.Build.0 = Debug|iPhone
		{AD8DA287-555B-4C29-B2D9-F5F8A5D5B4F9}.Debug|iPhone.Deploy.0 = Debug|iPhone
		{AD8DA287-555B-4C29-B2D9-F5F8A5D5B4F9}.Debug|iPhoneSimulator.ActiveCfg = Debug|iPhoneSimulator
		{AD8DA287-555B-4C29-B2D9-F5F8A5D5B4F9}.Debug|iPhoneSimulator.Build.0 = Debug|iPhoneSimulator
		{AD8DA287-555B-4C29-B2D9-F5F8A5D5B4F9}.Debug|iPhoneSimulator.Deploy.0 = Debug|iPhoneSimulator
		{AD8DA287-555B-4C29-B2D9-F5F8A5D5B4F9}.Debug|x64.ActiveCfg = Debug|iPhone
		{AD8DA287-555B-4C29-B2D9-F5F8A5D5B4F9}.Debug|x86.ActiveCfg = Debug|iPhone
		{AD8DA287-555B-4C29-B2D9-F5F8A5D5B4F9}.Release|Any CPU.ActiveCfg = Release|iPhone
		{AD8DA287-555B-4C29-B2D9-F5F8A5D5B4F9}.Release|ARM.ActiveCfg = Release|iPhone
		{AD8DA287-555B-4C29-B2D9-F5F8A5D5B4F9}.Release|iPhone.ActiveCfg = Release|iPhone
		{AD8DA287-555B-4C29-B2D9-F5F8A5D5B4F9}.Release|iPhone.Build.0 = Release|iPhone
		{AD8DA287-555B-4C29-B2D9-F5F8A5D5B4F9}.Release|iPhone.Deploy.0 = Release|iPhone
		{AD8DA287-555B-4C29-B2D9-F5F8A5D5B4F9}.Release|iPhoneSimulator.ActiveCfg = Release|iPhoneSimulator
		{AD8DA287-555B-4C29-B2D9-F5F8A5D5B4F9}.Release|iPhoneSimulator.Build.0 = Release|iPhoneSimulator
		{AD8DA287-555B-4C29-B2D9-F5F8A5D5B4F9}.Release|iPhoneSimulator.Deploy.0 = Release|iPhoneSimulator
		{AD8DA287-555B-4C29-B2D9-F5F8A5D5B4F9}.Release|x64.ActiveCfg = Release|iPhone
		{AD8DA287-555B-4C29-B2D9-F5F8A5D5B4F9}.Release|x86.ActiveCfg = Release|iPhone
		{4C9A57B2-3F07-48B5-B270-63DF7B31CAB6}.Debug|Any CPU.ActiveCfg = Debug|Any CPU
		{4C9A57B2-3F07-48B5-B270-63DF7B31CAB6}.Debug|Any CPU.Build.0 = Debug|Any CPU
		{4C9A57B2-3F07-48B5-B270-63DF7B31CAB6}.Debug|ARM.ActiveCfg = Debug|Any CPU
		{4C9A57B2-3F07-48B5-B270-63DF7B31CAB6}.Debug|ARM.Build.0 = Debug|Any CPU
		{4C9A57B2-3F07-48B5-B270-63DF7B31CAB6}.Debug|iPhone.ActiveCfg = Debug|Any CPU
		{4C9A57B2-3F07-48B5-B270-63DF7B31CAB6}.Debug|iPhone.Build.0 = Debug|Any CPU
		{4C9A57B2-3F07-48B5-B270-63DF7B31CAB6}.Debug|iPhoneSimulator.ActiveCfg = Debug|Any CPU
		{4C9A57B2-3F07-48B5-B270-63DF7B31CAB6}.Debug|iPhoneSimulator.Build.0 = Debug|Any CPU
		{4C9A57B2-3F07-48B5-B270-63DF7B31CAB6}.Debug|x64.ActiveCfg = Debug|Any CPU
		{4C9A57B2-3F07-48B5-B270-63DF7B31CAB6}.Debug|x64.Build.0 = Debug|Any CPU
		{4C9A57B2-3F07-48B5-B270-63DF7B31CAB6}.Debug|x86.ActiveCfg = Debug|Any CPU
		{4C9A57B2-3F07-48B5-B270-63DF7B31CAB6}.Debug|x86.Build.0 = Debug|Any CPU
		{4C9A57B2-3F07-48B5-B270-63DF7B31CAB6}.Release|Any CPU.ActiveCfg = Release|Any CPU
		{4C9A57B2-3F07-48B5-B270-63DF7B31CAB6}.Release|Any CPU.Build.0 = Release|Any CPU
		{4C9A57B2-3F07-48B5-B270-63DF7B31CAB6}.Release|ARM.ActiveCfg = Release|Any CPU
		{4C9A57B2-3F07-48B5-B270-63DF7B31CAB6}.Release|ARM.Build.0 = Release|Any CPU
		{4C9A57B2-3F07-48B5-B270-63DF7B31CAB6}.Release|iPhone.ActiveCfg = Release|Any CPU
		{4C9A57B2-3F07-48B5-B270-63DF7B31CAB6}.Release|iPhone.Build.0 = Release|Any CPU
		{4C9A57B2-3F07-48B5-B270-63DF7B31CAB6}.Release|iPhoneSimulator.ActiveCfg = Release|Any CPU
		{4C9A57B2-3F07-48B5-B270-63DF7B31CAB6}.Release|iPhoneSimulator.Build.0 = Release|Any CPU
		{4C9A57B2-3F07-48B5-B270-63DF7B31CAB6}.Release|x64.ActiveCfg = Release|Any CPU
		{4C9A57B2-3F07-48B5-B270-63DF7B31CAB6}.Release|x64.Build.0 = Release|Any CPU
		{4C9A57B2-3F07-48B5-B270-63DF7B31CAB6}.Release|x86.ActiveCfg = Release|Any CPU
		{4C9A57B2-3F07-48B5-B270-63DF7B31CAB6}.Release|x86.Build.0 = Release|Any CPU
		{480EE6EA-4A45-498C-88D6-BB76B482D2D1}.Debug|Any CPU.ActiveCfg = Debug|x86
		{480EE6EA-4A45-498C-88D6-BB76B482D2D1}.Debug|ARM.ActiveCfg = Debug|ARM
		{480EE6EA-4A45-498C-88D6-BB76B482D2D1}.Debug|ARM.Build.0 = Debug|ARM
		{480EE6EA-4A45-498C-88D6-BB76B482D2D1}.Debug|ARM.Deploy.0 = Debug|ARM
		{480EE6EA-4A45-498C-88D6-BB76B482D2D1}.Debug|iPhone.ActiveCfg = Debug|x86
		{480EE6EA-4A45-498C-88D6-BB76B482D2D1}.Debug|iPhoneSimulator.ActiveCfg = Debug|x86
		{480EE6EA-4A45-498C-88D6-BB76B482D2D1}.Debug|x64.ActiveCfg = Debug|x64
		{480EE6EA-4A45-498C-88D6-BB76B482D2D1}.Debug|x64.Build.0 = Debug|x64
		{480EE6EA-4A45-498C-88D6-BB76B482D2D1}.Debug|x64.Deploy.0 = Debug|x64
		{480EE6EA-4A45-498C-88D6-BB76B482D2D1}.Debug|x86.ActiveCfg = Debug|x86
		{480EE6EA-4A45-498C-88D6-BB76B482D2D1}.Debug|x86.Build.0 = Debug|x86
		{480EE6EA-4A45-498C-88D6-BB76B482D2D1}.Debug|x86.Deploy.0 = Debug|x86
		{480EE6EA-4A45-498C-88D6-BB76B482D2D1}.Release|Any CPU.ActiveCfg = Release|x86
		{480EE6EA-4A45-498C-88D6-BB76B482D2D1}.Release|ARM.ActiveCfg = Release|ARM
		{480EE6EA-4A45-498C-88D6-BB76B482D2D1}.Release|ARM.Build.0 = Release|ARM
		{480EE6EA-4A45-498C-88D6-BB76B482D2D1}.Release|ARM.Deploy.0 = Release|ARM
		{480EE6EA-4A45-498C-88D6-BB76B482D2D1}.Release|iPhone.ActiveCfg = Release|x86
		{480EE6EA-4A45-498C-88D6-BB76B482D2D1}.Release|iPhoneSimulator.ActiveCfg = Release|x86
		{480EE6EA-4A45-498C-88D6-BB76B482D2D1}.Release|x64.ActiveCfg = Release|x64
		{480EE6EA-4A45-498C-88D6-BB76B482D2D1}.Release|x64.Build.0 = Release|x64
		{480EE6EA-4A45-498C-88D6-BB76B482D2D1}.Release|x64.Deploy.0 = Release|x64
		{480EE6EA-4A45-498C-88D6-BB76B482D2D1}.Release|x86.ActiveCfg = Release|x86
		{480EE6EA-4A45-498C-88D6-BB76B482D2D1}.Release|x86.Build.0 = Release|x86
		{480EE6EA-4A45-498C-88D6-BB76B482D2D1}.Release|x86.Deploy.0 = Release|x86
		{80EC426B-1784-4F5E-810B-ED93915FA865}.Debug|Any CPU.ActiveCfg = Debug|Any CPU
		{80EC426B-1784-4F5E-810B-ED93915FA865}.Debug|Any CPU.Build.0 = Debug|Any CPU
		{80EC426B-1784-4F5E-810B-ED93915FA865}.Debug|Any CPU.Deploy.0 = Debug|Any CPU
		{80EC426B-1784-4F5E-810B-ED93915FA865}.Debug|ARM.ActiveCfg = Debug|Any CPU
		{80EC426B-1784-4F5E-810B-ED93915FA865}.Debug|ARM.Build.0 = Debug|Any CPU
		{80EC426B-1784-4F5E-810B-ED93915FA865}.Debug|ARM.Deploy.0 = Debug|Any CPU
		{80EC426B-1784-4F5E-810B-ED93915FA865}.Debug|iPhone.ActiveCfg = Debug|Any CPU
		{80EC426B-1784-4F5E-810B-ED93915FA865}.Debug|iPhone.Build.0 = Debug|Any CPU
		{80EC426B-1784-4F5E-810B-ED93915FA865}.Debug|iPhone.Deploy.0 = Debug|Any CPU
		{80EC426B-1784-4F5E-810B-ED93915FA865}.Debug|iPhoneSimulator.ActiveCfg = Debug|Any CPU
		{80EC426B-1784-4F5E-810B-ED93915FA865}.Debug|iPhoneSimulator.Build.0 = Debug|Any CPU
		{80EC426B-1784-4F5E-810B-ED93915FA865}.Debug|iPhoneSimulator.Deploy.0 = Debug|Any CPU
		{80EC426B-1784-4F5E-810B-ED93915FA865}.Debug|x64.ActiveCfg = Debug|Any CPU
		{80EC426B-1784-4F5E-810B-ED93915FA865}.Debug|x64.Build.0 = Debug|Any CPU
		{80EC426B-1784-4F5E-810B-ED93915FA865}.Debug|x64.Deploy.0 = Debug|Any CPU
		{80EC426B-1784-4F5E-810B-ED93915FA865}.Debug|x86.ActiveCfg = Debug|Any CPU
		{80EC426B-1784-4F5E-810B-ED93915FA865}.Debug|x86.Build.0 = Debug|Any CPU
		{80EC426B-1784-4F5E-810B-ED93915FA865}.Debug|x86.Deploy.0 = Debug|Any CPU
		{80EC426B-1784-4F5E-810B-ED93915FA865}.Release|Any CPU.ActiveCfg = Release|Any CPU
		{80EC426B-1784-4F5E-810B-ED93915FA865}.Release|Any CPU.Build.0 = Release|Any CPU
		{80EC426B-1784-4F5E-810B-ED93915FA865}.Release|Any CPU.Deploy.0 = Release|Any CPU
		{80EC426B-1784-4F5E-810B-ED93915FA865}.Release|ARM.ActiveCfg = Release|Any CPU
		{80EC426B-1784-4F5E-810B-ED93915FA865}.Release|ARM.Build.0 = Release|Any CPU
		{80EC426B-1784-4F5E-810B-ED93915FA865}.Release|ARM.Deploy.0 = Release|Any CPU
		{80EC426B-1784-4F5E-810B-ED93915FA865}.Release|iPhone.ActiveCfg = Release|Any CPU
		{80EC426B-1784-4F5E-810B-ED93915FA865}.Release|iPhone.Build.0 = Release|Any CPU
		{80EC426B-1784-4F5E-810B-ED93915FA865}.Release|iPhone.Deploy.0 = Release|Any CPU
		{80EC426B-1784-4F5E-810B-ED93915FA865}.Release|iPhoneSimulator.ActiveCfg = Release|Any CPU
		{80EC426B-1784-4F5E-810B-ED93915FA865}.Release|iPhoneSimulator.Build.0 = Release|Any CPU
		{80EC426B-1784-4F5E-810B-ED93915FA865}.Release|iPhoneSimulator.Deploy.0 = Release|Any CPU
		{80EC426B-1784-4F5E-810B-ED93915FA865}.Release|x64.ActiveCfg = Release|Any CPU
		{80EC426B-1784-4F5E-810B-ED93915FA865}.Release|x64.Build.0 = Release|Any CPU
		{80EC426B-1784-4F5E-810B-ED93915FA865}.Release|x64.Deploy.0 = Release|Any CPU
		{80EC426B-1784-4F5E-810B-ED93915FA865}.Release|x86.ActiveCfg = Release|Any CPU
		{80EC426B-1784-4F5E-810B-ED93915FA865}.Release|x86.Build.0 = Release|Any CPU
		{80EC426B-1784-4F5E-810B-ED93915FA865}.Release|x86.Deploy.0 = Release|Any CPU
		{8573DAF3-1C41-469A-837B-57D8AF1D04F9}.Debug|Any CPU.ActiveCfg = Debug|iPhone
		{8573DAF3-1C41-469A-837B-57D8AF1D04F9}.Debug|ARM.ActiveCfg = Debug|iPhone
		{8573DAF3-1C41-469A-837B-57D8AF1D04F9}.Debug|iPhone.ActiveCfg = Debug|iPhone
		{8573DAF3-1C41-469A-837B-57D8AF1D04F9}.Debug|iPhone.Build.0 = Debug|iPhone
		{8573DAF3-1C41-469A-837B-57D8AF1D04F9}.Debug|iPhone.Deploy.0 = Debug|iPhone
		{8573DAF3-1C41-469A-837B-57D8AF1D04F9}.Debug|iPhoneSimulator.ActiveCfg = Debug|iPhoneSimulator
		{8573DAF3-1C41-469A-837B-57D8AF1D04F9}.Debug|iPhoneSimulator.Build.0 = Debug|iPhoneSimulator
		{8573DAF3-1C41-469A-837B-57D8AF1D04F9}.Debug|iPhoneSimulator.Deploy.0 = Debug|iPhoneSimulator
		{8573DAF3-1C41-469A-837B-57D8AF1D04F9}.Debug|x64.ActiveCfg = Debug|iPhone
		{8573DAF3-1C41-469A-837B-57D8AF1D04F9}.Debug|x86.ActiveCfg = Debug|iPhone
		{8573DAF3-1C41-469A-837B-57D8AF1D04F9}.Release|Any CPU.ActiveCfg = Release|iPhone
		{8573DAF3-1C41-469A-837B-57D8AF1D04F9}.Release|ARM.ActiveCfg = Release|iPhone
		{8573DAF3-1C41-469A-837B-57D8AF1D04F9}.Release|iPhone.ActiveCfg = Release|iPhone
		{8573DAF3-1C41-469A-837B-57D8AF1D04F9}.Release|iPhone.Build.0 = Release|iPhone
		{8573DAF3-1C41-469A-837B-57D8AF1D04F9}.Release|iPhone.Deploy.0 = Release|iPhone
		{8573DAF3-1C41-469A-837B-57D8AF1D04F9}.Release|iPhoneSimulator.ActiveCfg = Release|iPhoneSimulator
		{8573DAF3-1C41-469A-837B-57D8AF1D04F9}.Release|iPhoneSimulator.Build.0 = Release|iPhoneSimulator
		{8573DAF3-1C41-469A-837B-57D8AF1D04F9}.Release|iPhoneSimulator.Deploy.0 = Release|iPhoneSimulator
		{8573DAF3-1C41-469A-837B-57D8AF1D04F9}.Release|x64.ActiveCfg = Release|iPhone
		{8573DAF3-1C41-469A-837B-57D8AF1D04F9}.Release|x86.ActiveCfg = Release|iPhone
		{B977E0C1-B137-42DE-863C-708F256D1A8A}.Debug|Any CPU.ActiveCfg = Debug|Any CPU
		{B977E0C1-B137-42DE-863C-708F256D1A8A}.Debug|Any CPU.Build.0 = Debug|Any CPU
		{B977E0C1-B137-42DE-863C-708F256D1A8A}.Debug|ARM.ActiveCfg = Debug|Any CPU
		{B977E0C1-B137-42DE-863C-708F256D1A8A}.Debug|ARM.Build.0 = Debug|Any CPU
		{B977E0C1-B137-42DE-863C-708F256D1A8A}.Debug|iPhone.ActiveCfg = Debug|Any CPU
		{B977E0C1-B137-42DE-863C-708F256D1A8A}.Debug|iPhone.Build.0 = Debug|Any CPU
		{B977E0C1-B137-42DE-863C-708F256D1A8A}.Debug|iPhoneSimulator.ActiveCfg = Debug|Any CPU
		{B977E0C1-B137-42DE-863C-708F256D1A8A}.Debug|iPhoneSimulator.Build.0 = Debug|Any CPU
		{B977E0C1-B137-42DE-863C-708F256D1A8A}.Debug|x64.ActiveCfg = Debug|Any CPU
		{B977E0C1-B137-42DE-863C-708F256D1A8A}.Debug|x64.Build.0 = Debug|Any CPU
		{B977E0C1-B137-42DE-863C-708F256D1A8A}.Debug|x86.ActiveCfg = Debug|Any CPU
		{B977E0C1-B137-42DE-863C-708F256D1A8A}.Debug|x86.Build.0 = Debug|Any CPU
		{B977E0C1-B137-42DE-863C-708F256D1A8A}.Release|Any CPU.ActiveCfg = Release|Any CPU
		{B977E0C1-B137-42DE-863C-708F256D1A8A}.Release|Any CPU.Build.0 = Release|Any CPU
		{B977E0C1-B137-42DE-863C-708F256D1A8A}.Release|ARM.ActiveCfg = Release|Any CPU
		{B977E0C1-B137-42DE-863C-708F256D1A8A}.Release|ARM.Build.0 = Release|Any CPU
		{B977E0C1-B137-42DE-863C-708F256D1A8A}.Release|iPhone.ActiveCfg = Release|Any CPU
		{B977E0C1-B137-42DE-863C-708F256D1A8A}.Release|iPhone.Build.0 = Release|Any CPU
		{B977E0C1-B137-42DE-863C-708F256D1A8A}.Release|iPhoneSimulator.ActiveCfg = Release|Any CPU
		{B977E0C1-B137-42DE-863C-708F256D1A8A}.Release|iPhoneSimulator.Build.0 = Release|Any CPU
		{B977E0C1-B137-42DE-863C-708F256D1A8A}.Release|x64.ActiveCfg = Release|Any CPU
		{B977E0C1-B137-42DE-863C-708F256D1A8A}.Release|x64.Build.0 = Release|Any CPU
		{B977E0C1-B137-42DE-863C-708F256D1A8A}.Release|x86.ActiveCfg = Release|Any CPU
		{B977E0C1-B137-42DE-863C-708F256D1A8A}.Release|x86.Build.0 = Release|Any CPU
		{56399CB2-6302-4A5E-AA1D-5BF83CA87492}.Debug|Any CPU.ActiveCfg = Debug|x86
		{56399CB2-6302-4A5E-AA1D-5BF83CA87492}.Debug|ARM.ActiveCfg = Debug|ARM
		{56399CB2-6302-4A5E-AA1D-5BF83CA87492}.Debug|ARM.Build.0 = Debug|ARM
		{56399CB2-6302-4A5E-AA1D-5BF83CA87492}.Debug|ARM.Deploy.0 = Debug|ARM
		{56399CB2-6302-4A5E-AA1D-5BF83CA87492}.Debug|iPhone.ActiveCfg = Debug|x86
		{56399CB2-6302-4A5E-AA1D-5BF83CA87492}.Debug|iPhoneSimulator.ActiveCfg = Debug|x86
		{56399CB2-6302-4A5E-AA1D-5BF83CA87492}.Debug|x64.ActiveCfg = Debug|x64
		{56399CB2-6302-4A5E-AA1D-5BF83CA87492}.Debug|x64.Build.0 = Debug|x64
		{56399CB2-6302-4A5E-AA1D-5BF83CA87492}.Debug|x64.Deploy.0 = Debug|x64
		{56399CB2-6302-4A5E-AA1D-5BF83CA87492}.Debug|x86.ActiveCfg = Debug|x86
		{56399CB2-6302-4A5E-AA1D-5BF83CA87492}.Debug|x86.Build.0 = Debug|x86
		{56399CB2-6302-4A5E-AA1D-5BF83CA87492}.Debug|x86.Deploy.0 = Debug|x86
		{56399CB2-6302-4A5E-AA1D-5BF83CA87492}.Release|Any CPU.ActiveCfg = Release|x86
		{56399CB2-6302-4A5E-AA1D-5BF83CA87492}.Release|ARM.ActiveCfg = Release|ARM
		{56399CB2-6302-4A5E-AA1D-5BF83CA87492}.Release|ARM.Build.0 = Release|ARM
		{56399CB2-6302-4A5E-AA1D-5BF83CA87492}.Release|ARM.Deploy.0 = Release|ARM
		{56399CB2-6302-4A5E-AA1D-5BF83CA87492}.Release|iPhone.ActiveCfg = Release|x86
		{56399CB2-6302-4A5E-AA1D-5BF83CA87492}.Release|iPhoneSimulator.ActiveCfg = Release|x86
		{56399CB2-6302-4A5E-AA1D-5BF83CA87492}.Release|x64.ActiveCfg = Release|x64
		{56399CB2-6302-4A5E-AA1D-5BF83CA87492}.Release|x64.Build.0 = Release|x64
		{56399CB2-6302-4A5E-AA1D-5BF83CA87492}.Release|x64.Deploy.0 = Release|x64
		{56399CB2-6302-4A5E-AA1D-5BF83CA87492}.Release|x86.ActiveCfg = Release|x86
		{56399CB2-6302-4A5E-AA1D-5BF83CA87492}.Release|x86.Build.0 = Release|x86
		{56399CB2-6302-4A5E-AA1D-5BF83CA87492}.Release|x86.Deploy.0 = Release|x86
		{7BC79EB5-D22D-47F0-8891-DE69764BFDD7}.Debug|Any CPU.ActiveCfg = Debug|Any CPU
		{7BC79EB5-D22D-47F0-8891-DE69764BFDD7}.Debug|Any CPU.Build.0 = Debug|Any CPU
		{7BC79EB5-D22D-47F0-8891-DE69764BFDD7}.Debug|Any CPU.Deploy.0 = Debug|Any CPU
		{7BC79EB5-D22D-47F0-8891-DE69764BFDD7}.Debug|ARM.ActiveCfg = Debug|Any CPU
		{7BC79EB5-D22D-47F0-8891-DE69764BFDD7}.Debug|ARM.Build.0 = Debug|Any CPU
		{7BC79EB5-D22D-47F0-8891-DE69764BFDD7}.Debug|ARM.Deploy.0 = Debug|Any CPU
		{7BC79EB5-D22D-47F0-8891-DE69764BFDD7}.Debug|iPhone.ActiveCfg = Debug|Any CPU
		{7BC79EB5-D22D-47F0-8891-DE69764BFDD7}.Debug|iPhone.Build.0 = Debug|Any CPU
		{7BC79EB5-D22D-47F0-8891-DE69764BFDD7}.Debug|iPhone.Deploy.0 = Debug|Any CPU
		{7BC79EB5-D22D-47F0-8891-DE69764BFDD7}.Debug|iPhoneSimulator.ActiveCfg = Debug|Any CPU
		{7BC79EB5-D22D-47F0-8891-DE69764BFDD7}.Debug|iPhoneSimulator.Build.0 = Debug|Any CPU
		{7BC79EB5-D22D-47F0-8891-DE69764BFDD7}.Debug|iPhoneSimulator.Deploy.0 = Debug|Any CPU
		{7BC79EB5-D22D-47F0-8891-DE69764BFDD7}.Debug|x64.ActiveCfg = Debug|Any CPU
		{7BC79EB5-D22D-47F0-8891-DE69764BFDD7}.Debug|x64.Build.0 = Debug|Any CPU
		{7BC79EB5-D22D-47F0-8891-DE69764BFDD7}.Debug|x64.Deploy.0 = Debug|Any CPU
		{7BC79EB5-D22D-47F0-8891-DE69764BFDD7}.Debug|x86.ActiveCfg = Debug|Any CPU
		{7BC79EB5-D22D-47F0-8891-DE69764BFDD7}.Debug|x86.Build.0 = Debug|Any CPU
		{7BC79EB5-D22D-47F0-8891-DE69764BFDD7}.Debug|x86.Deploy.0 = Debug|Any CPU
		{7BC79EB5-D22D-47F0-8891-DE69764BFDD7}.Release|Any CPU.ActiveCfg = Release|Any CPU
		{7BC79EB5-D22D-47F0-8891-DE69764BFDD7}.Release|Any CPU.Build.0 = Release|Any CPU
		{7BC79EB5-D22D-47F0-8891-DE69764BFDD7}.Release|Any CPU.Deploy.0 = Release|Any CPU
		{7BC79EB5-D22D-47F0-8891-DE69764BFDD7}.Release|ARM.ActiveCfg = Release|Any CPU
		{7BC79EB5-D22D-47F0-8891-DE69764BFDD7}.Release|ARM.Build.0 = Release|Any CPU
		{7BC79EB5-D22D-47F0-8891-DE69764BFDD7}.Release|ARM.Deploy.0 = Release|Any CPU
		{7BC79EB5-D22D-47F0-8891-DE69764BFDD7}.Release|iPhone.ActiveCfg = Release|Any CPU
		{7BC79EB5-D22D-47F0-8891-DE69764BFDD7}.Release|iPhone.Build.0 = Release|Any CPU
		{7BC79EB5-D22D-47F0-8891-DE69764BFDD7}.Release|iPhone.Deploy.0 = Release|Any CPU
		{7BC79EB5-D22D-47F0-8891-DE69764BFDD7}.Release|iPhoneSimulator.ActiveCfg = Release|Any CPU
		{7BC79EB5-D22D-47F0-8891-DE69764BFDD7}.Release|iPhoneSimulator.Build.0 = Release|Any CPU
		{7BC79EB5-D22D-47F0-8891-DE69764BFDD7}.Release|iPhoneSimulator.Deploy.0 = Release|Any CPU
		{7BC79EB5-D22D-47F0-8891-DE69764BFDD7}.Release|x64.ActiveCfg = Release|Any CPU
		{7BC79EB5-D22D-47F0-8891-DE69764BFDD7}.Release|x64.Build.0 = Release|Any CPU
		{7BC79EB5-D22D-47F0-8891-DE69764BFDD7}.Release|x64.Deploy.0 = Release|Any CPU
		{7BC79EB5-D22D-47F0-8891-DE69764BFDD7}.Release|x86.ActiveCfg = Release|Any CPU
		{7BC79EB5-D22D-47F0-8891-DE69764BFDD7}.Release|x86.Build.0 = Release|Any CPU
		{7BC79EB5-D22D-47F0-8891-DE69764BFDD7}.Release|x86.Deploy.0 = Release|Any CPU
		{4FA9D24C-9FF3-4CFE-82A1-C4A5BA7ED302}.Debug|Any CPU.ActiveCfg = Debug|iPhone
		{4FA9D24C-9FF3-4CFE-82A1-C4A5BA7ED302}.Debug|ARM.ActiveCfg = Debug|iPhone
		{4FA9D24C-9FF3-4CFE-82A1-C4A5BA7ED302}.Debug|iPhone.ActiveCfg = Debug|iPhone
		{4FA9D24C-9FF3-4CFE-82A1-C4A5BA7ED302}.Debug|iPhone.Build.0 = Debug|iPhone
		{4FA9D24C-9FF3-4CFE-82A1-C4A5BA7ED302}.Debug|iPhone.Deploy.0 = Debug|iPhone
		{4FA9D24C-9FF3-4CFE-82A1-C4A5BA7ED302}.Debug|iPhoneSimulator.ActiveCfg = Debug|iPhoneSimulator
		{4FA9D24C-9FF3-4CFE-82A1-C4A5BA7ED302}.Debug|iPhoneSimulator.Build.0 = Debug|iPhoneSimulator
		{4FA9D24C-9FF3-4CFE-82A1-C4A5BA7ED302}.Debug|iPhoneSimulator.Deploy.0 = Debug|iPhoneSimulator
		{4FA9D24C-9FF3-4CFE-82A1-C4A5BA7ED302}.Debug|x64.ActiveCfg = Debug|iPhone
		{4FA9D24C-9FF3-4CFE-82A1-C4A5BA7ED302}.Debug|x86.ActiveCfg = Debug|iPhone
		{4FA9D24C-9FF3-4CFE-82A1-C4A5BA7ED302}.Release|Any CPU.ActiveCfg = Release|iPhone
		{4FA9D24C-9FF3-4CFE-82A1-C4A5BA7ED302}.Release|ARM.ActiveCfg = Release|iPhone
		{4FA9D24C-9FF3-4CFE-82A1-C4A5BA7ED302}.Release|iPhone.ActiveCfg = Release|iPhone
		{4FA9D24C-9FF3-4CFE-82A1-C4A5BA7ED302}.Release|iPhone.Build.0 = Release|iPhone
		{4FA9D24C-9FF3-4CFE-82A1-C4A5BA7ED302}.Release|iPhone.Deploy.0 = Release|iPhone
		{4FA9D24C-9FF3-4CFE-82A1-C4A5BA7ED302}.Release|iPhoneSimulator.ActiveCfg = Release|iPhoneSimulator
		{4FA9D24C-9FF3-4CFE-82A1-C4A5BA7ED302}.Release|iPhoneSimulator.Build.0 = Release|iPhoneSimulator
		{4FA9D24C-9FF3-4CFE-82A1-C4A5BA7ED302}.Release|iPhoneSimulator.Deploy.0 = Release|iPhoneSimulator
		{4FA9D24C-9FF3-4CFE-82A1-C4A5BA7ED302}.Release|x64.ActiveCfg = Release|iPhone
		{4FA9D24C-9FF3-4CFE-82A1-C4A5BA7ED302}.Release|x86.ActiveCfg = Release|iPhone
		{AC36B4A1-2515-4B41-9FE0-BCFFB5EC5FB2}.Debug|Any CPU.ActiveCfg = Debug|Any CPU
		{AC36B4A1-2515-4B41-9FE0-BCFFB5EC5FB2}.Debug|Any CPU.Build.0 = Debug|Any CPU
		{AC36B4A1-2515-4B41-9FE0-BCFFB5EC5FB2}.Debug|ARM.ActiveCfg = Debug|Any CPU
		{AC36B4A1-2515-4B41-9FE0-BCFFB5EC5FB2}.Debug|ARM.Build.0 = Debug|Any CPU
		{AC36B4A1-2515-4B41-9FE0-BCFFB5EC5FB2}.Debug|iPhone.ActiveCfg = Debug|Any CPU
		{AC36B4A1-2515-4B41-9FE0-BCFFB5EC5FB2}.Debug|iPhone.Build.0 = Debug|Any CPU
		{AC36B4A1-2515-4B41-9FE0-BCFFB5EC5FB2}.Debug|iPhoneSimulator.ActiveCfg = Debug|Any CPU
		{AC36B4A1-2515-4B41-9FE0-BCFFB5EC5FB2}.Debug|iPhoneSimulator.Build.0 = Debug|Any CPU
		{AC36B4A1-2515-4B41-9FE0-BCFFB5EC5FB2}.Debug|x64.ActiveCfg = Debug|Any CPU
		{AC36B4A1-2515-4B41-9FE0-BCFFB5EC5FB2}.Debug|x64.Build.0 = Debug|Any CPU
		{AC36B4A1-2515-4B41-9FE0-BCFFB5EC5FB2}.Debug|x86.ActiveCfg = Debug|Any CPU
		{AC36B4A1-2515-4B41-9FE0-BCFFB5EC5FB2}.Debug|x86.Build.0 = Debug|Any CPU
		{AC36B4A1-2515-4B41-9FE0-BCFFB5EC5FB2}.Release|Any CPU.ActiveCfg = Release|Any CPU
		{AC36B4A1-2515-4B41-9FE0-BCFFB5EC5FB2}.Release|Any CPU.Build.0 = Release|Any CPU
		{AC36B4A1-2515-4B41-9FE0-BCFFB5EC5FB2}.Release|ARM.ActiveCfg = Release|Any CPU
		{AC36B4A1-2515-4B41-9FE0-BCFFB5EC5FB2}.Release|ARM.Build.0 = Release|Any CPU
		{AC36B4A1-2515-4B41-9FE0-BCFFB5EC5FB2}.Release|iPhone.ActiveCfg = Release|Any CPU
		{AC36B4A1-2515-4B41-9FE0-BCFFB5EC5FB2}.Release|iPhone.Build.0 = Release|Any CPU
		{AC36B4A1-2515-4B41-9FE0-BCFFB5EC5FB2}.Release|iPhoneSimulator.ActiveCfg = Release|Any CPU
		{AC36B4A1-2515-4B41-9FE0-BCFFB5EC5FB2}.Release|iPhoneSimulator.Build.0 = Release|Any CPU
		{AC36B4A1-2515-4B41-9FE0-BCFFB5EC5FB2}.Release|x64.ActiveCfg = Release|Any CPU
		{AC36B4A1-2515-4B41-9FE0-BCFFB5EC5FB2}.Release|x64.Build.0 = Release|Any CPU
		{AC36B4A1-2515-4B41-9FE0-BCFFB5EC5FB2}.Release|x86.ActiveCfg = Release|Any CPU
		{AC36B4A1-2515-4B41-9FE0-BCFFB5EC5FB2}.Release|x86.Build.0 = Release|Any CPU
		{46BD2E91-544A-4218-BC61-E9ED1A593A0A}.Debug|Any CPU.ActiveCfg = Debug|Any CPU
		{46BD2E91-544A-4218-BC61-E9ED1A593A0A}.Debug|Any CPU.Build.0 = Debug|Any CPU
		{46BD2E91-544A-4218-BC61-E9ED1A593A0A}.Debug|ARM.ActiveCfg = Debug|Any CPU
		{46BD2E91-544A-4218-BC61-E9ED1A593A0A}.Debug|ARM.Build.0 = Debug|Any CPU
		{46BD2E91-544A-4218-BC61-E9ED1A593A0A}.Debug|iPhone.ActiveCfg = Debug|Any CPU
		{46BD2E91-544A-4218-BC61-E9ED1A593A0A}.Debug|iPhone.Build.0 = Debug|Any CPU
		{46BD2E91-544A-4218-BC61-E9ED1A593A0A}.Debug|iPhoneSimulator.ActiveCfg = Debug|Any CPU
		{46BD2E91-544A-4218-BC61-E9ED1A593A0A}.Debug|iPhoneSimulator.Build.0 = Debug|Any CPU
		{46BD2E91-544A-4218-BC61-E9ED1A593A0A}.Debug|x64.ActiveCfg = Debug|Any CPU
		{46BD2E91-544A-4218-BC61-E9ED1A593A0A}.Debug|x64.Build.0 = Debug|Any CPU
		{46BD2E91-544A-4218-BC61-E9ED1A593A0A}.Debug|x86.ActiveCfg = Debug|Any CPU
		{46BD2E91-544A-4218-BC61-E9ED1A593A0A}.Debug|x86.Build.0 = Debug|Any CPU
		{46BD2E91-544A-4218-BC61-E9ED1A593A0A}.Release|Any CPU.ActiveCfg = Release|Any CPU
		{46BD2E91-544A-4218-BC61-E9ED1A593A0A}.Release|Any CPU.Build.0 = Release|Any CPU
		{46BD2E91-544A-4218-BC61-E9ED1A593A0A}.Release|ARM.ActiveCfg = Release|Any CPU
		{46BD2E91-544A-4218-BC61-E9ED1A593A0A}.Release|ARM.Build.0 = Release|Any CPU
		{46BD2E91-544A-4218-BC61-E9ED1A593A0A}.Release|iPhone.ActiveCfg = Release|Any CPU
		{46BD2E91-544A-4218-BC61-E9ED1A593A0A}.Release|iPhone.Build.0 = Release|Any CPU
		{46BD2E91-544A-4218-BC61-E9ED1A593A0A}.Release|iPhoneSimulator.ActiveCfg = Release|Any CPU
		{46BD2E91-544A-4218-BC61-E9ED1A593A0A}.Release|iPhoneSimulator.Build.0 = Release|Any CPU
		{46BD2E91-544A-4218-BC61-E9ED1A593A0A}.Release|x64.ActiveCfg = Release|Any CPU
		{46BD2E91-544A-4218-BC61-E9ED1A593A0A}.Release|x64.Build.0 = Release|Any CPU
		{46BD2E91-544A-4218-BC61-E9ED1A593A0A}.Release|x86.ActiveCfg = Release|Any CPU
		{46BD2E91-544A-4218-BC61-E9ED1A593A0A}.Release|x86.Build.0 = Release|Any CPU
		{23BFEB73-E3BC-4364-A832-9FA8B54968A4}.Debug|Any CPU.ActiveCfg = Debug|Any CPU
		{23BFEB73-E3BC-4364-A832-9FA8B54968A4}.Debug|Any CPU.Build.0 = Debug|Any CPU
		{23BFEB73-E3BC-4364-A832-9FA8B54968A4}.Debug|ARM.ActiveCfg = Debug|Any CPU
		{23BFEB73-E3BC-4364-A832-9FA8B54968A4}.Debug|ARM.Build.0 = Debug|Any CPU
		{23BFEB73-E3BC-4364-A832-9FA8B54968A4}.Debug|iPhone.ActiveCfg = Debug|Any CPU
		{23BFEB73-E3BC-4364-A832-9FA8B54968A4}.Debug|iPhone.Build.0 = Debug|Any CPU
		{23BFEB73-E3BC-4364-A832-9FA8B54968A4}.Debug|iPhoneSimulator.ActiveCfg = Debug|Any CPU
		{23BFEB73-E3BC-4364-A832-9FA8B54968A4}.Debug|iPhoneSimulator.Build.0 = Debug|Any CPU
		{23BFEB73-E3BC-4364-A832-9FA8B54968A4}.Debug|x64.ActiveCfg = Debug|Any CPU
		{23BFEB73-E3BC-4364-A832-9FA8B54968A4}.Debug|x64.Build.0 = Debug|Any CPU
		{23BFEB73-E3BC-4364-A832-9FA8B54968A4}.Debug|x86.ActiveCfg = Debug|Any CPU
		{23BFEB73-E3BC-4364-A832-9FA8B54968A4}.Debug|x86.Build.0 = Debug|Any CPU
		{23BFEB73-E3BC-4364-A832-9FA8B54968A4}.Release|Any CPU.ActiveCfg = Release|Any CPU
		{23BFEB73-E3BC-4364-A832-9FA8B54968A4}.Release|Any CPU.Build.0 = Release|Any CPU
		{23BFEB73-E3BC-4364-A832-9FA8B54968A4}.Release|ARM.ActiveCfg = Release|Any CPU
		{23BFEB73-E3BC-4364-A832-9FA8B54968A4}.Release|ARM.Build.0 = Release|Any CPU
		{23BFEB73-E3BC-4364-A832-9FA8B54968A4}.Release|iPhone.ActiveCfg = Release|Any CPU
		{23BFEB73-E3BC-4364-A832-9FA8B54968A4}.Release|iPhone.Build.0 = Release|Any CPU
		{23BFEB73-E3BC-4364-A832-9FA8B54968A4}.Release|iPhoneSimulator.ActiveCfg = Release|Any CPU
		{23BFEB73-E3BC-4364-A832-9FA8B54968A4}.Release|iPhoneSimulator.Build.0 = Release|Any CPU
		{23BFEB73-E3BC-4364-A832-9FA8B54968A4}.Release|x64.ActiveCfg = Release|Any CPU
		{23BFEB73-E3BC-4364-A832-9FA8B54968A4}.Release|x64.Build.0 = Release|Any CPU
		{23BFEB73-E3BC-4364-A832-9FA8B54968A4}.Release|x86.ActiveCfg = Release|Any CPU
		{23BFEB73-E3BC-4364-A832-9FA8B54968A4}.Release|x86.Build.0 = Release|Any CPU
		{1B4612B2-233B-4CD7-B4A5-80A4F020E48E}.Debug|Any CPU.ActiveCfg = Debug|Any CPU
		{1B4612B2-233B-4CD7-B4A5-80A4F020E48E}.Debug|Any CPU.Build.0 = Debug|Any CPU
		{1B4612B2-233B-4CD7-B4A5-80A4F020E48E}.Debug|ARM.ActiveCfg = Debug|Any CPU
		{1B4612B2-233B-4CD7-B4A5-80A4F020E48E}.Debug|ARM.Build.0 = Debug|Any CPU
		{1B4612B2-233B-4CD7-B4A5-80A4F020E48E}.Debug|iPhone.ActiveCfg = Debug|Any CPU
		{1B4612B2-233B-4CD7-B4A5-80A4F020E48E}.Debug|iPhone.Build.0 = Debug|Any CPU
		{1B4612B2-233B-4CD7-B4A5-80A4F020E48E}.Debug|iPhoneSimulator.ActiveCfg = Debug|Any CPU
		{1B4612B2-233B-4CD7-B4A5-80A4F020E48E}.Debug|iPhoneSimulator.Build.0 = Debug|Any CPU
		{1B4612B2-233B-4CD7-B4A5-80A4F020E48E}.Debug|x64.ActiveCfg = Debug|Any CPU
		{1B4612B2-233B-4CD7-B4A5-80A4F020E48E}.Debug|x64.Build.0 = Debug|Any CPU
		{1B4612B2-233B-4CD7-B4A5-80A4F020E48E}.Debug|x86.ActiveCfg = Debug|Any CPU
		{1B4612B2-233B-4CD7-B4A5-80A4F020E48E}.Debug|x86.Build.0 = Debug|Any CPU
		{1B4612B2-233B-4CD7-B4A5-80A4F020E48E}.Release|Any CPU.ActiveCfg = Release|Any CPU
		{1B4612B2-233B-4CD7-B4A5-80A4F020E48E}.Release|Any CPU.Build.0 = Release|Any CPU
		{1B4612B2-233B-4CD7-B4A5-80A4F020E48E}.Release|ARM.ActiveCfg = Release|Any CPU
		{1B4612B2-233B-4CD7-B4A5-80A4F020E48E}.Release|ARM.Build.0 = Release|Any CPU
		{1B4612B2-233B-4CD7-B4A5-80A4F020E48E}.Release|iPhone.ActiveCfg = Release|Any CPU
		{1B4612B2-233B-4CD7-B4A5-80A4F020E48E}.Release|iPhone.Build.0 = Release|Any CPU
		{1B4612B2-233B-4CD7-B4A5-80A4F020E48E}.Release|iPhoneSimulator.ActiveCfg = Release|Any CPU
		{1B4612B2-233B-4CD7-B4A5-80A4F020E48E}.Release|iPhoneSimulator.Build.0 = Release|Any CPU
		{1B4612B2-233B-4CD7-B4A5-80A4F020E48E}.Release|x64.ActiveCfg = Release|Any CPU
		{1B4612B2-233B-4CD7-B4A5-80A4F020E48E}.Release|x64.Build.0 = Release|Any CPU
		{1B4612B2-233B-4CD7-B4A5-80A4F020E48E}.Release|x86.ActiveCfg = Release|Any CPU
		{1B4612B2-233B-4CD7-B4A5-80A4F020E48E}.Release|x86.Build.0 = Release|Any CPU
	EndGlobalSection
	GlobalSection(SolutionProperties) = preSolution
		HideSolutionNode = FALSE
	EndGlobalSection
	GlobalSection(NestedProjects) = preSolution
		{DA7450D9-8B81-481A-9FC6-9FD681A7601C} = {EED820A6-16F4-46B6-AA3D-72B623469013}
		{CC5A37F3-6D61-4E20-9CDF-F78D2A7789EC} = {EED820A6-16F4-46B6-AA3D-72B623469013}
		{AD8DA287-555B-4C29-B2D9-F5F8A5D5B4F9} = {EED820A6-16F4-46B6-AA3D-72B623469013}
		{4C9A57B2-3F07-48B5-B270-63DF7B31CAB6} = {EED820A6-16F4-46B6-AA3D-72B623469013}
		{480EE6EA-4A45-498C-88D6-BB76B482D2D1} = {EED820A6-16F4-46B6-AA3D-72B623469013}
		{80EC426B-1784-4F5E-810B-ED93915FA865} = {EED820A6-16F4-46B6-AA3D-72B623469013}
		{8573DAF3-1C41-469A-837B-57D8AF1D04F9} = {EED820A6-16F4-46B6-AA3D-72B623469013}
		{B977E0C1-B137-42DE-863C-708F256D1A8A} = {EED820A6-16F4-46B6-AA3D-72B623469013}
		{56399CB2-6302-4A5E-AA1D-5BF83CA87492} = {EED820A6-16F4-46B6-AA3D-72B623469013}
		{7BC79EB5-D22D-47F0-8891-DE69764BFDD7} = {EED820A6-16F4-46B6-AA3D-72B623469013}
		{4FA9D24C-9FF3-4CFE-82A1-C4A5BA7ED302} = {EED820A6-16F4-46B6-AA3D-72B623469013}
		{AC36B4A1-2515-4B41-9FE0-BCFFB5EC5FB2} = {EED820A6-16F4-46B6-AA3D-72B623469013}
		{46BD2E91-544A-4218-BC61-E9ED1A593A0A} = {64AB1376-1046-4AB8-9468-BEC8A8E3659D}
		{23BFEB73-E3BC-4364-A832-9FA8B54968A4} = {64AB1376-1046-4AB8-9468-BEC8A8E3659D}
		{1B4612B2-233B-4CD7-B4A5-80A4F020E48E} = {64AB1376-1046-4AB8-9468-BEC8A8E3659D}
		{9879D70B-9CD7-4B71-A2BF-BE775048D8D2} = {D50A8CE9-841B-4632-93BA-300F99C3FE95}
		{43CBD0D6-EDB8-485C-971F-7E6D713C3D89} = {D50A8CE9-841B-4632-93BA-300F99C3FE95}
		{C872C66D-EDED-4329-87A6-D400B711104A} = {D50A8CE9-841B-4632-93BA-300F99C3FE95}
	EndGlobalSection
	GlobalSection(ExtensibilityGlobals) = postSolution
		SolutionGuid = {15CC7E65-C694-42CE-9171-FBEC47622403}
	EndGlobalSection
EndGlobal
